
Microsoft Visual Studio Solution File, Format Version 12.00
# Visual Studio Version 17
VisualStudioVersion = 17.0.31903.59
MinimumVisualStudioVersion = 10.0.40219.1
Project("{FAE04EC0-301F-11D3-BF4B-00C04F79EFBC}") = "Gnome.Extensions.Secrets", "src\Gnome.Extensions.Secrets.csproj", "{A0B8C722-506A-4539-9FE4-006C14E79B36}"
EndProject
Project("{FAE04EC0-301F-11D3-BF4B-00C04F79EFBC}") = "Gnome.Extensions.Secrets.Tests", "test\Gnome.Extensions.Secrets.Tests.csproj", "{C8E50C1A-343E-4E79-8042-46422B62AC51}"
EndProject
Project("{FAE04EC0-301F-11D3-BF4B-00C04F79EFBC}") = "Gnome.Secrets", "..\Secrets\src\Gnome.Secrets.csproj", "{4BFB1A9E-0D60-48AE-BC85-E22203D8A67E}"
EndProject
Project("{FAE04EC0-301F-11D3-BF4B-00C04F79EFBC}") = "Gnome.Security.Cryptography", "..\Security.Cryptography\src\Gnome.Security.Cryptography.csproj", "{F19BD076-DC46-4BAB-8921-77C022764776}"
EndProject
Global
	GlobalSection(SolutionConfigurationPlatforms) = preSolution
		Debug|Any CPU = Debug|Any CPU
		Release|Any CPU = Release|Any CPU
	EndGlobalSection
	GlobalSection(SolutionProperties) = preSolution
		HideSolutionNode = FALSE
	EndGlobalSection
	GlobalSection(ProjectConfigurationPlatforms) = postSolution
		{A0B8C722-506A-4539-9FE4-006C14E79B36}.Debug|Any CPU.ActiveCfg = Debug|Any CPU
		{A0B8C722-506A-4539-9FE4-006C14E79B36}.Debug|Any CPU.Build.0 = Debug|Any CPU
		{A0B8C722-506A-4539-9FE4-006C14E79B36}.Release|Any CPU.ActiveCfg = Release|Any CPU
		{A0B8C722-506A-4539-9FE4-006C14E79B36}.Release|Any CPU.Build.0 = Release|Any CPU
		{C8E50C1A-343E-4E79-8042-46422B62AC51}.Debug|Any CPU.ActiveCfg = Debug|Any CPU
		{C8E50C1A-343E-4E79-8042-46422B62AC51}.Debug|Any CPU.Build.0 = Debug|Any CPU
		{C8E50C1A-343E-4E79-8042-46422B62AC51}.Release|Any CPU.ActiveCfg = Release|Any CPU
		{C8E50C1A-343E-4E79-8042-46422B62AC51}.Release|Any CPU.Build.0 = Release|Any CPU
		{4BFB1A9E-0D60-48AE-BC85-E22203D8A67E}.Debug|Any CPU.ActiveCfg = Debug|Any CPU
		{4BFB1A9E-0D60-48AE-BC85-E22203D8A67E}.Debug|Any CPU.Build.0 = Debug|Any CPU
		{4BFB1A9E-0D60-48AE-BC85-E22203D8A67E}.Release|Any CPU.ActiveCfg = Release|Any CPU
		{4BFB1A9E-0D60-48AE-BC85-E22203D8A67E}.Release|Any CPU.Build.0 = Release|Any CPU
		{F19BD076-DC46-4BAB-8921-77C022764776}.Debug|Any CPU.ActiveCfg = Debug|Any CPU
		{F19BD076-DC46-4BAB-8921-77C022764776}.Debug|Any CPU.Build.0 = Debug|Any CPU
		{F19BD076-DC46-4BAB-8921-77C022764776}.Release|Any CPU.ActiveCfg = Release|Any CPU
		{F19BD076-DC46-4BAB-8921-77C022764776}.Release|Any CPU.Build.0 = Release|Any CPU
	EndGlobalSection
EndGlobal
