
Microsoft Visual Studio Solution File, Format Version 12.00
# Visual Studio Version 17
VisualStudioVersion = 17.0.31903.59
MinimumVisualStudioVersion = 10.0.40219.1
Project("{FAE04EC0-301F-11D3-BF4B-00C04F79EFBC}") = "Gnome.Secrets", "src\Gnome.Secrets.csproj", "{6EF18F7C-8C67-4B9A-AB75-AF726D72A128}"
EndProject
Project("{FAE04EC0-301F-11D3-BF4B-00C04F79EFBC}") = "Gnome.Secrets.Tests", "test\Gnome.Secrets.Tests.csproj", "{483BEF7D-8854-40CA-B484-E37057E6AAB7}"
EndProject
Global
	GlobalSection(SolutionConfigurationPlatforms) = preSolution
		Debug|Any CPU = Debug|Any CPU
		Release|Any CPU = Release|Any CPU
	EndGlobalSection
	GlobalSection(SolutionProperties) = preSolution
		HideSolutionNode = FALSE
	EndGlobalSection
	GlobalSection(ProjectConfigurationPlatforms) = postSolution
		{6EF18F7C-8C67-4B9A-AB75-AF726D72A128}.Debug|Any CPU.ActiveCfg = Debug|Any CPU
		{6EF18F7C-8C67-4B9A-AB75-AF726D72A128}.Debug|Any CPU.Build.0 = Debug|Any CPU
		{6EF18F7C-8C67-4B9A-AB75-AF726D72A128}.Release|Any CPU.ActiveCfg = Release|Any CPU
		{6EF18F7C-8C67-4B9A-AB75-AF726D72A128}.Release|Any CPU.Build.0 = Release|Any CPU
		{483BEF7D-8854-40CA-B484-E37057E6AAB7}.Debug|Any CPU.ActiveCfg = Debug|Any CPU
		{483BEF7D-8854-40CA-B484-E37057E6AAB7}.Debug|Any CPU.Build.0 = Debug|Any CPU
		{483BEF7D-8854-40CA-B484-E37057E6AAB7}.Release|Any CPU.ActiveCfg = Release|Any CPU
		{483BEF7D-8854-40CA-B484-E37057E6AAB7}.Release|Any CPU.Build.0 = Release|Any CPU
	EndGlobalSection
EndGlobal
