
Microsoft Visual Studio Solution File, Format Version 12.00
# Visual Studio Version 17
VisualStudioVersion = 17.0.31903.59
MinimumVisualStudioVersion = 10.0.40219.1
Project("{2150E333-8FDC-42A3-9474-1A3956D46DE8}") = "lib", "lib", "{1BD553E6-381F-4B0F-907E-B72630F75A57}"
EndProject
Project("{2150E333-8FDC-42A3-9474-1A3956D46DE8}") = "Internal", "Internal", "{D291C8AB-507B-42B6-BACF-710AC33F359A}"
EndProject
Project("{FAE04EC0-301F-11D3-BF4B-00C04F79EFBC}") = "Gnome.Internal", "lib\Internal\src\Gnome.Internal.csproj", "{DB6CA5AB-2C8A-4F87-A6A8-5BC11720EFEC}"
EndProject
Project("{FAE04EC0-301F-11D3-BF4B-00C04F79EFBC}") = "Gnome.Internal.Tests", "lib\Internal\test\Gnome.Internal.Tests.csproj", "{80275B6B-5063-4897-A2ED-A696FDD9A406}"
EndProject
Project("{2150E333-8FDC-42A3-9474-1A3956D46DE8}") = "Sys", "Sys", "{1F48CBAD-BC76-4F96-8641-431961723F3C}"
EndProject
Project("{FAE04EC0-301F-11D3-BF4B-00C04F79EFBC}") = "Gnome.Sys", "lib\Sys\src\Gnome.Sys.csproj", "{A2C3C7F1-626A-4736-9FE7-C61846795108}"
EndProject
Project("{FAE04EC0-301F-11D3-BF4B-00C04F79EFBC}") = "Gnome.Sys.Tests", "lib\Sys\test\Gnome.Sys.Tests.csproj", "{4D647319-11DD-4BB1-966B-BCEDCC155140}"
EndProject
Project("{2150E333-8FDC-42A3-9474-1A3956D46DE8}") = "Sys.Ansi", "Sys.Ansi", "{7F3D23F3-E612-4B14-A447-9E085FF202CD}"
EndProject
Project("{FAE04EC0-301F-11D3-BF4B-00C04F79EFBC}") = "Gnome.Sys.Ansi", "lib\Sys.Ansi\src\Gnome.Sys.Ansi.csproj", "{F04DC8EB-265F-4A68-B34A-2142A532C1E1}"
EndProject
Project("{FAE04EC0-301F-11D3-BF4B-00C04F79EFBC}") = "Gnome.Sys.Ansi.Tests", "lib\Sys.Ansi\test\Gnome.Sys.Ansi.Tests.csproj", "{0E7ABB88-36E0-4A04-AF5F-979492988C5E}"
EndProject
Project("{2150E333-8FDC-42A3-9474-1A3956D46DE8}") = "Colors.Primitives", "Colors.Primitives", "{568712EF-3762-4CA4-96A0-42FBA34A8182}"
EndProject
Project("{FAE04EC0-301F-11D3-BF4B-00C04F79EFBC}") = "Gnome.Colors.Primitives", "lib\Colors.Primitives\src\Gnome.Colors.Primitives.csproj", "{42720ECB-551C-44AE-A931-2178CD5B0DCA}"
EndProject
Project("{FAE04EC0-301F-11D3-BF4B-00C04F79EFBC}") = "Gnome.Colors.Primitives.Tests", "lib\Colors.Primitives\test\Gnome.Colors.Primitives.Tests.csproj", "{CA4F9241-F25B-4290-A87E-D36069521509}"
EndProject
Project("{2150E333-8FDC-42A3-9474-1A3956D46DE8}") = "Text.DotEnv", "Text.DotEnv", "{E8750761-CC40-42CB-9AF3-2A8B6E518F8E}"
EndProject
Project("{FAE04EC0-301F-11D3-BF4B-00C04F79EFBC}") = "Gnome.Text.DotEnv", "lib\Text.DotEnv\src\Gnome.Text.DotEnv.csproj", "{994F0CEB-7166-48D3-8B34-0D2AC2B48582}"
EndProject
Project("{FAE04EC0-301F-11D3-BF4B-00C04F79EFBC}") = "Gnome.Text.DotEnv.Tests", "lib\Text.DotEnv\test\Gnome.Text.DotEnv.Tests.csproj", "{D915957F-D634-4CA7-A958-75C3F6F14C09}"
EndProject
Global
	GlobalSection(SolutionConfigurationPlatforms) = preSolution
		Debug|Any CPU = Debug|Any CPU
		Release|Any CPU = Release|Any CPU
	EndGlobalSection
	GlobalSection(SolutionProperties) = preSolution
		HideSolutionNode = FALSE
	EndGlobalSection
	GlobalSection(ProjectConfigurationPlatforms) = postSolution
		{DB6CA5AB-2C8A-4F87-A6A8-5BC11720EFEC}.Debug|Any CPU.ActiveCfg = Debug|Any CPU
		{DB6CA5AB-2C8A-4F87-A6A8-5BC11720EFEC}.Debug|Any CPU.Build.0 = Debug|Any CPU
		{DB6CA5AB-2C8A-4F87-A6A8-5BC11720EFEC}.Release|Any CPU.ActiveCfg = Release|Any CPU
		{DB6CA5AB-2C8A-4F87-A6A8-5BC11720EFEC}.Release|Any CPU.Build.0 = Release|Any CPU
		{80275B6B-5063-4897-A2ED-A696FDD9A406}.Debug|Any CPU.ActiveCfg = Debug|Any CPU
		{80275B6B-5063-4897-A2ED-A696FDD9A406}.Debug|Any CPU.Build.0 = Debug|Any CPU
		{80275B6B-5063-4897-A2ED-A696FDD9A406}.Release|Any CPU.ActiveCfg = Release|Any CPU
		{80275B6B-5063-4897-A2ED-A696FDD9A406}.Release|Any CPU.Build.0 = Release|Any CPU
		{A2C3C7F1-626A-4736-9FE7-C61846795108}.Debug|Any CPU.ActiveCfg = Debug|Any CPU
		{A2C3C7F1-626A-4736-9FE7-C61846795108}.Debug|Any CPU.Build.0 = Debug|Any CPU
		{A2C3C7F1-626A-4736-9FE7-C61846795108}.Release|Any CPU.ActiveCfg = Release|Any CPU
		{A2C3C7F1-626A-4736-9FE7-C61846795108}.Release|Any CPU.Build.0 = Release|Any CPU
		{4D647319-11DD-4BB1-966B-BCEDCC155140}.Debug|Any CPU.ActiveCfg = Debug|Any CPU
		{4D647319-11DD-4BB1-966B-BCEDCC155140}.Debug|Any CPU.Build.0 = Debug|Any CPU
		{4D647319-11DD-4BB1-966B-BCEDCC155140}.Release|Any CPU.ActiveCfg = Release|Any CPU
		{4D647319-11DD-4BB1-966B-BCEDCC155140}.Release|Any CPU.Build.0 = Release|Any CPU
		{F04DC8EB-265F-4A68-B34A-2142A532C1E1}.Debug|Any CPU.ActiveCfg = Debug|Any CPU
		{F04DC8EB-265F-4A68-B34A-2142A532C1E1}.Debug|Any CPU.Build.0 = Debug|Any CPU
		{F04DC8EB-265F-4A68-B34A-2142A532C1E1}.Release|Any CPU.ActiveCfg = Release|Any CPU
		{F04DC8EB-265F-4A68-B34A-2142A532C1E1}.Release|Any CPU.Build.0 = Release|Any CPU
		{0E7ABB88-36E0-4A04-AF5F-979492988C5E}.Debug|Any CPU.ActiveCfg = Debug|Any CPU
		{0E7ABB88-36E0-4A04-AF5F-979492988C5E}.Debug|Any CPU.Build.0 = Debug|Any CPU
		{0E7ABB88-36E0-4A04-AF5F-979492988C5E}.Release|Any CPU.ActiveCfg = Release|Any CPU
		{0E7ABB88-36E0-4A04-AF5F-979492988C5E}.Release|Any CPU.Build.0 = Release|Any CPU
		{42720ECB-551C-44AE-A931-2178CD5B0DCA}.Debug|Any CPU.ActiveCfg = Debug|Any CPU
		{42720ECB-551C-44AE-A931-2178CD5B0DCA}.Debug|Any CPU.Build.0 = Debug|Any CPU
		{42720ECB-551C-44AE-A931-2178CD5B0DCA}.Release|Any CPU.ActiveCfg = Release|Any CPU
		{42720ECB-551C-44AE-A931-2178CD5B0DCA}.Release|Any CPU.Build.0 = Release|Any CPU
		{CA4F9241-F25B-4290-A87E-D36069521509}.Debug|Any CPU.ActiveCfg = Debug|Any CPU
		{CA4F9241-F25B-4290-A87E-D36069521509}.Debug|Any CPU.Build.0 = Debug|Any CPU
		{CA4F9241-F25B-4290-A87E-D36069521509}.Release|Any CPU.ActiveCfg = Release|Any CPU
		{CA4F9241-F25B-4290-A87E-D36069521509}.Release|Any CPU.Build.0 = Release|Any CPU
		{994F0CEB-7166-48D3-8B34-0D2AC2B48582}.Debug|Any CPU.ActiveCfg = Debug|Any CPU
		{994F0CEB-7166-48D3-8B34-0D2AC2B48582}.Debug|Any CPU.Build.0 = Debug|Any CPU
		{994F0CEB-7166-48D3-8B34-0D2AC2B48582}.Release|Any CPU.ActiveCfg = Release|Any CPU
		{994F0CEB-7166-48D3-8B34-0D2AC2B48582}.Release|Any CPU.Build.0 = Release|Any CPU
		{D915957F-D634-4CA7-A958-75C3F6F14C09}.Debug|Any CPU.ActiveCfg = Debug|Any CPU
		{D915957F-D634-4CA7-A958-75C3F6F14C09}.Debug|Any CPU.Build.0 = Debug|Any CPU
		{D915957F-D634-4CA7-A958-75C3F6F14C09}.Release|Any CPU.ActiveCfg = Release|Any CPU
		{D915957F-D634-4CA7-A958-75C3F6F14C09}.Release|Any CPU.Build.0 = Release|Any CPU
	EndGlobalSection
	GlobalSection(NestedProjects) = preSolution
		{D291C8AB-507B-42B6-BACF-710AC33F359A} = {1BD553E6-381F-4B0F-907E-B72630F75A57}
		{DB6CA5AB-2C8A-4F87-A6A8-5BC11720EFEC} = {D291C8AB-507B-42B6-BACF-710AC33F359A}
		{80275B6B-5063-4897-A2ED-A696FDD9A406} = {D291C8AB-507B-42B6-BACF-710AC33F359A}
		{1F48CBAD-BC76-4F96-8641-431961723F3C} = {1BD553E6-381F-4B0F-907E-B72630F75A57}
		{A2C3C7F1-626A-4736-9FE7-C61846795108} = {1F48CBAD-BC76-4F96-8641-431961723F3C}
		{4D647319-11DD-4BB1-966B-BCEDCC155140} = {1F48CBAD-BC76-4F96-8641-431961723F3C}
		{7F3D23F3-E612-4B14-A447-9E085FF202CD} = {1BD553E6-381F-4B0F-907E-B72630F75A57}
		{F04DC8EB-265F-4A68-B34A-2142A532C1E1} = {7F3D23F3-E612-4B14-A447-9E085FF202CD}
		{0E7ABB88-36E0-4A04-AF5F-979492988C5E} = {7F3D23F3-E612-4B14-A447-9E085FF202CD}
		{568712EF-3762-4CA4-96A0-42FBA34A8182} = {1BD553E6-381F-4B0F-907E-B72630F75A57}
		{42720ECB-551C-44AE-A931-2178CD5B0DCA} = {568712EF-3762-4CA4-96A0-42FBA34A8182}
		{CA4F9241-F25B-4290-A87E-D36069521509} = {568712EF-3762-4CA4-96A0-42FBA34A8182}
		{E8750761-CC40-42CB-9AF3-2A8B6E518F8E} = {1BD553E6-381F-4B0F-907E-B72630F75A57}
		{994F0CEB-7166-48D3-8B34-0D2AC2B48582} = {E8750761-CC40-42CB-9AF3-2A8B6E518F8E}
		{D915957F-D634-4CA7-A958-75C3F6F14C09} = {E8750761-CC40-42CB-9AF3-2A8B6E518F8E}
	EndGlobalSection
EndGlobal
