
Microsoft Visual Studio Solution File, Format Version 12.00
# Visual Studio Version 17
VisualStudioVersion = 17.0.31903.59
MinimumVisualStudioVersion = 10.0.40219.1
Project("{2150E333-8FDC-42A3-9474-1A3956D46DE8}") = "lib", "lib", "{1BD553E6-381F-4B0F-907E-B72630F75A57}"
EndProject
Project("{2150E333-8FDC-42A3-9474-1A3956D46DE8}") = "Internal", "Internal", "{D291C8AB-507B-42B6-BACF-710AC33F359A}"
EndProject
Project("{FAE04EC0-301F-11D3-BF4B-00C04F79EFBC}") = "Gnome.Internal", "lib\Internal\src\Gnome.Internal.csproj", "{DB6CA5AB-2C8A-4F87-A6A8-5BC11720EFEC}"
EndProject
Project("{FAE04EC0-301F-11D3-BF4B-00C04F79EFBC}") = "Gnome.Internal.Tests", "lib\Internal\test\Gnome.Internal.Tests.csproj", "{80275B6B-5063-4897-A2ED-A696FDD9A406}"
EndProject
Project("{2150E333-8FDC-42A3-9474-1A3956D46DE8}") = "Sys", "Sys", "{1F48CBAD-BC76-4F96-8641-431961723F3C}"
EndProject
Project("{FAE04EC0-301F-11D3-BF4B-00C04F79EFBC}") = "Gnome.Sys", "lib\Sys\src\Gnome.Sys.csproj", "{A2C3C7F1-626A-4736-9FE7-C61846795108}"
EndProject
Project("{FAE04EC0-301F-11D3-BF4B-00C04F79EFBC}") = "Gnome.Sys.Tests", "lib\Sys\test\Gnome.Sys.Tests.csproj", "{4D647319-11DD-4BB1-966B-BCEDCC155140}"
EndProject
Project("{2150E333-8FDC-42A3-9474-1A3956D46DE8}") = "Sys.Ansi", "Sys.Ansi", "{7F3D23F3-E612-4B14-A447-9E085FF202CD}"
EndProject
Project("{FAE04EC0-301F-11D3-BF4B-00C04F79EFBC}") = "Gnome.Sys.Ansi", "lib\Sys.Ansi\src\Gnome.Sys.Ansi.csproj", "{F04DC8EB-265F-4A68-B34A-2142A532C1E1}"
EndProject
Project("{FAE04EC0-301F-11D3-BF4B-00C04F79EFBC}") = "Gnome.Sys.Ansi.Tests", "lib\Sys.Ansi\test\Gnome.Sys.Ansi.Tests.csproj", "{0E7ABB88-36E0-4A04-AF5F-979492988C5E}"
EndProject
Project("{2150E333-8FDC-42A3-9474-1A3956D46DE8}") = "Colors.Primitives", "Colors.Primitives", "{568712EF-3762-4CA4-96A0-42FBA34A8182}"
EndProject
Project("{FAE04EC0-301F-11D3-BF4B-00C04F79EFBC}") = "Gnome.Colors.Primitives", "lib\Colors.Primitives\src\Gnome.Colors.Primitives.csproj", "{42720ECB-551C-44AE-A931-2178CD5B0DCA}"
EndProject
Project("{FAE04EC0-301F-11D3-BF4B-00C04F79EFBC}") = "Gnome.Colors.Primitives.Tests", "lib\Colors.Primitives\test\Gnome.Colors.Primitives.Tests.csproj", "{CA4F9241-F25B-4290-A87E-D36069521509}"
EndProject
Project("{2150E333-8FDC-42A3-9474-1A3956D46DE8}") = "Text.DotEnv", "Text.DotEnv", "{E8750761-CC40-42CB-9AF3-2A8B6E518F8E}"
EndProject
Project("{FAE04EC0-301F-11D3-BF4B-00C04F79EFBC}") = "Gnome.Text.DotEnv", "lib\Text.DotEnv\src\Gnome.Text.DotEnv.csproj", "{994F0CEB-7166-48D3-8B34-0D2AC2B48582}"
EndProject
Project("{FAE04EC0-301F-11D3-BF4B-00C04F79EFBC}") = "Gnome.Text.DotEnv.Tests", "lib\Text.DotEnv\test\Gnome.Text.DotEnv.Tests.csproj", "{D915957F-D634-4CA7-A958-75C3F6F14C09}"
EndProject
Project("{2150E333-8FDC-42A3-9474-1A3956D46DE8}") = "Secrets", "Secrets", "{B6C951AD-09C1-4CB3-913C-1919A25528DD}"
EndProject
Project("{FAE04EC0-301F-11D3-BF4B-00C04F79EFBC}") = "Gnome.Secrets", "lib\Secrets\src\Gnome.Secrets.csproj", "{8BFB8DB3-3651-42ED-AA75-356CDC33D691}"
EndProject
Project("{FAE04EC0-301F-11D3-BF4B-00C04F79EFBC}") = "Gnome.Secrets.Tests", "lib\Secrets\test\Gnome.Secrets.Tests.csproj", "{558E58E2-2AB6-4160-BB67-22B06F3FDD70}"
EndProject
Project("{2150E333-8FDC-42A3-9474-1A3956D46DE8}") = "Exec", "Exec", "{7AE47AB8-1A1D-4DB7-881D-BCB0427FD0D7}"
EndProject
Project("{FAE04EC0-301F-11D3-BF4B-00C04F79EFBC}") = "Gnome.Exec", "lib\Exec\src\Gnome.Exec.csproj", "{73E468B6-FCC8-4E72-B18A-770D4A2DD1ED}"
EndProject
Project("{FAE04EC0-301F-11D3-BF4B-00C04F79EFBC}") = "Gnome.Exec.Tests", "lib\Exec\test\Gnome.Exec.Tests.csproj", "{F4C39DCC-6F36-4D13-8936-1F1D2DA94B76}"
EndProject
Project("{2150E333-8FDC-42A3-9474-1A3956D46DE8}") = "Security.Cryptography", "Security.Cryptography", "{309E6B63-8C12-4878-A754-6BC854248806}"
EndProject
Project("{FAE04EC0-301F-11D3-BF4B-00C04F79EFBC}") = "Gnome.Security.Cryptography", "lib\Security.Cryptography\src\Gnome.Security.Cryptography.csproj", "{862D38DF-3412-4C14-B96F-D89485A768FA}"
EndProject
Project("{FAE04EC0-301F-11D3-BF4B-00C04F79EFBC}") = "Gnome.Security.Cryptography.Tests", "lib\Security.Cryptography\test\Gnome.Security.Cryptography.Tests.csproj", "{E50992B0-4349-4C7D-8969-A9095BC79391}"
EndProject
Project("{2150E333-8FDC-42A3-9474-1A3956D46DE8}") = "Security.Cryptography.X509Certificates", "Security.Cryptography.X509Certificates", "{15876DD8-F8B0-4677-A198-EECD09ADD9D9}"
EndProject
Project("{FAE04EC0-301F-11D3-BF4B-00C04F79EFBC}") = "Gnome.Security.Cryptography.X509Certificates", "lib\Security.Cryptography.X509Certificates\src\Gnome.Security.Cryptography.X509Certificates.csproj", "{4FF51874-7403-4712-B710-A7828BA455B6}"
EndProject
Project("{FAE04EC0-301F-11D3-BF4B-00C04F79EFBC}") = "Gnome.Security.Cryptography.X509Certificates.Tests", "lib\Security.Cryptography.X509Certificates\test\Gnome.Security.Cryptography.X509Certificates.Tests.csproj", "{A05D4EAF-0114-4537-BB56-11B85D980BD3}"
EndProject
Project("{2150E333-8FDC-42A3-9474-1A3956D46DE8}") = "Platforms.OsSecrets", "Platforms.OsSecrets", "{F730E4EE-16AA-423E-8B01-425DAB9B9910}"
EndProject
Project("{FAE04EC0-301F-11D3-BF4B-00C04F79EFBC}") = "Gnome.Platforms.OsSecrets", "lib\Platforms.OsSecrets\src\Gnome.Platforms.OsSecrets.csproj", "{74BB0614-3BEC-4051-AC82-CA540EFD860C}"
EndProject
Project("{FAE04EC0-301F-11D3-BF4B-00C04F79EFBC}") = "Gnome.Platforms.OsSecrets.Tests", "lib\Platforms.OsSecrets\test\Gnome.Platforms.OsSecrets.Tests.csproj", "{B2F203ED-4D7F-44A7-A6E2-5F0DFCD93DC4}"
EndProject
Project("{2150E333-8FDC-42A3-9474-1A3956D46DE8}") = "Platforms.OsReleaseInfo", "Platforms.OsReleaseInfo", "{FE57D62D-9FE8-46AA-A084-18569A1251E9}"
EndProject
Project("{FAE04EC0-301F-11D3-BF4B-00C04F79EFBC}") = "Gnome.Platforms.OsReleaseInfo", "lib\Platforms.OsReleaseInfo\src\Gnome.Platforms.OsReleaseInfo.csproj", "{5CE4007B-27D8-4867-AC75-4B9E44B05C45}"
EndProject
Project("{FAE04EC0-301F-11D3-BF4B-00C04F79EFBC}") = "Gnome.Platforms.OsReleaseInfo.Tests", "lib\Platforms.OsReleaseInfo\test\Gnome.Platforms.OsReleaseInfo.Tests.csproj", "{C4476D64-7EF5-4241-9862-5F602BD7CE85}"
EndProject
Project("{2150E333-8FDC-42A3-9474-1A3956D46DE8}") = "Extensions.Secrets", "Extensions.Secrets", "{204FA5AC-56DB-4207-A1DB-A72F42E1CE1F}"
EndProject
Project("{FAE04EC0-301F-11D3-BF4B-00C04F79EFBC}") = "Gnome.Extensions.Secrets", "lib\Extensions.Secrets\src\Gnome.Extensions.Secrets.csproj", "{6F696AB0-391A-4D8B-B102-7417E8965666}"
EndProject
Project("{FAE04EC0-301F-11D3-BF4B-00C04F79EFBC}") = "Gnome.Extensions.Secrets.Tests", "lib\Extensions.Secrets\test\Gnome.Extensions.Secrets.Tests.csproj", "{7AED6E24-7965-4D3A-AE0E-46946FC8996D}"
EndProject
Project("{2150E333-8FDC-42A3-9474-1A3956D46DE8}") = "Extensions.Logging.Abstractions", "Extensions.Logging.Abstractions", "{913D50CF-B1CF-4869-B6B1-1CC470D1938D}"
EndProject
Project("{FAE04EC0-301F-11D3-BF4B-00C04F79EFBC}") = "Gnome.Extensions.Logging.Abstractions", "lib\Extensions.Logging.Abstractions\src\Gnome.Extensions.Logging.Abstractions.csproj", "{9F26BF67-2D61-4838-AB82-E6D0D86AFD36}"
EndProject
Project("{FAE04EC0-301F-11D3-BF4B-00C04F79EFBC}") = "Gnome.Extensions.Logging.Abstractions.Tests", "lib\Extensions.Logging.Abstractions\test\Gnome.Extensions.Logging.Abstractions.Tests.csproj", "{81AC344B-F8AC-461C-A2C4-6C3105A36ABD}"
EndProject
Global
	GlobalSection(SolutionConfigurationPlatforms) = preSolution
		Debug|Any CPU = Debug|Any CPU
		Release|Any CPU = Release|Any CPU
	EndGlobalSection
	GlobalSection(SolutionProperties) = preSolution
		HideSolutionNode = FALSE
	EndGlobalSection
	GlobalSection(ProjectConfigurationPlatforms) = postSolution
		{DB6CA5AB-2C8A-4F87-A6A8-5BC11720EFEC}.Debug|Any CPU.ActiveCfg = Debug|Any CPU
		{DB6CA5AB-2C8A-4F87-A6A8-5BC11720EFEC}.Debug|Any CPU.Build.0 = Debug|Any CPU
		{DB6CA5AB-2C8A-4F87-A6A8-5BC11720EFEC}.Release|Any CPU.ActiveCfg = Release|Any CPU
		{DB6CA5AB-2C8A-4F87-A6A8-5BC11720EFEC}.Release|Any CPU.Build.0 = Release|Any CPU
		{80275B6B-5063-4897-A2ED-A696FDD9A406}.Debug|Any CPU.ActiveCfg = Debug|Any CPU
		{80275B6B-5063-4897-A2ED-A696FDD9A406}.Debug|Any CPU.Build.0 = Debug|Any CPU
		{80275B6B-5063-4897-A2ED-A696FDD9A406}.Release|Any CPU.ActiveCfg = Release|Any CPU
		{80275B6B-5063-4897-A2ED-A696FDD9A406}.Release|Any CPU.Build.0 = Release|Any CPU
		{A2C3C7F1-626A-4736-9FE7-C61846795108}.Debug|Any CPU.ActiveCfg = Debug|Any CPU
		{A2C3C7F1-626A-4736-9FE7-C61846795108}.Debug|Any CPU.Build.0 = Debug|Any CPU
		{A2C3C7F1-626A-4736-9FE7-C61846795108}.Release|Any CPU.ActiveCfg = Release|Any CPU
		{A2C3C7F1-626A-4736-9FE7-C61846795108}.Release|Any CPU.Build.0 = Release|Any CPU
		{4D647319-11DD-4BB1-966B-BCEDCC155140}.Debug|Any CPU.ActiveCfg = Debug|Any CPU
		{4D647319-11DD-4BB1-966B-BCEDCC155140}.Debug|Any CPU.Build.0 = Debug|Any CPU
		{4D647319-11DD-4BB1-966B-BCEDCC155140}.Release|Any CPU.ActiveCfg = Release|Any CPU
		{4D647319-11DD-4BB1-966B-BCEDCC155140}.Release|Any CPU.Build.0 = Release|Any CPU
		{F04DC8EB-265F-4A68-B34A-2142A532C1E1}.Debug|Any CPU.ActiveCfg = Debug|Any CPU
		{F04DC8EB-265F-4A68-B34A-2142A532C1E1}.Debug|Any CPU.Build.0 = Debug|Any CPU
		{F04DC8EB-265F-4A68-B34A-2142A532C1E1}.Release|Any CPU.ActiveCfg = Release|Any CPU
		{F04DC8EB-265F-4A68-B34A-2142A532C1E1}.Release|Any CPU.Build.0 = Release|Any CPU
		{0E7ABB88-36E0-4A04-AF5F-979492988C5E}.Debug|Any CPU.ActiveCfg = Debug|Any CPU
		{0E7ABB88-36E0-4A04-AF5F-979492988C5E}.Debug|Any CPU.Build.0 = Debug|Any CPU
		{0E7ABB88-36E0-4A04-AF5F-979492988C5E}.Release|Any CPU.ActiveCfg = Release|Any CPU
		{0E7ABB88-36E0-4A04-AF5F-979492988C5E}.Release|Any CPU.Build.0 = Release|Any CPU
		{42720ECB-551C-44AE-A931-2178CD5B0DCA}.Debug|Any CPU.ActiveCfg = Debug|Any CPU
		{42720ECB-551C-44AE-A931-2178CD5B0DCA}.Debug|Any CPU.Build.0 = Debug|Any CPU
		{42720ECB-551C-44AE-A931-2178CD5B0DCA}.Release|Any CPU.ActiveCfg = Release|Any CPU
		{42720ECB-551C-44AE-A931-2178CD5B0DCA}.Release|Any CPU.Build.0 = Release|Any CPU
		{CA4F9241-F25B-4290-A87E-D36069521509}.Debug|Any CPU.ActiveCfg = Debug|Any CPU
		{CA4F9241-F25B-4290-A87E-D36069521509}.Debug|Any CPU.Build.0 = Debug|Any CPU
		{CA4F9241-F25B-4290-A87E-D36069521509}.Release|Any CPU.ActiveCfg = Release|Any CPU
		{CA4F9241-F25B-4290-A87E-D36069521509}.Release|Any CPU.Build.0 = Release|Any CPU
		{994F0CEB-7166-48D3-8B34-0D2AC2B48582}.Debug|Any CPU.ActiveCfg = Debug|Any CPU
		{994F0CEB-7166-48D3-8B34-0D2AC2B48582}.Debug|Any CPU.Build.0 = Debug|Any CPU
		{994F0CEB-7166-48D3-8B34-0D2AC2B48582}.Release|Any CPU.ActiveCfg = Release|Any CPU
		{994F0CEB-7166-48D3-8B34-0D2AC2B48582}.Release|Any CPU.Build.0 = Release|Any CPU
		{D915957F-D634-4CA7-A958-75C3F6F14C09}.Debug|Any CPU.ActiveCfg = Debug|Any CPU
		{D915957F-D634-4CA7-A958-75C3F6F14C09}.Debug|Any CPU.Build.0 = Debug|Any CPU
		{D915957F-D634-4CA7-A958-75C3F6F14C09}.Release|Any CPU.ActiveCfg = Release|Any CPU
		{D915957F-D634-4CA7-A958-75C3F6F14C09}.Release|Any CPU.Build.0 = Release|Any CPU
		{8BFB8DB3-3651-42ED-AA75-356CDC33D691}.Debug|Any CPU.ActiveCfg = Debug|Any CPU
		{8BFB8DB3-3651-42ED-AA75-356CDC33D691}.Debug|Any CPU.Build.0 = Debug|Any CPU
		{8BFB8DB3-3651-42ED-AA75-356CDC33D691}.Release|Any CPU.ActiveCfg = Release|Any CPU
		{8BFB8DB3-3651-42ED-AA75-356CDC33D691}.Release|Any CPU.Build.0 = Release|Any CPU
		{558E58E2-2AB6-4160-BB67-22B06F3FDD70}.Debug|Any CPU.ActiveCfg = Debug|Any CPU
		{558E58E2-2AB6-4160-BB67-22B06F3FDD70}.Debug|Any CPU.Build.0 = Debug|Any CPU
		{558E58E2-2AB6-4160-BB67-22B06F3FDD70}.Release|Any CPU.ActiveCfg = Release|Any CPU
		{558E58E2-2AB6-4160-BB67-22B06F3FDD70}.Release|Any CPU.Build.0 = Release|Any CPU
		{73E468B6-FCC8-4E72-B18A-770D4A2DD1ED}.Debug|Any CPU.ActiveCfg = Debug|Any CPU
		{73E468B6-FCC8-4E72-B18A-770D4A2DD1ED}.Debug|Any CPU.Build.0 = Debug|Any CPU
		{73E468B6-FCC8-4E72-B18A-770D4A2DD1ED}.Release|Any CPU.ActiveCfg = Release|Any CPU
		{73E468B6-FCC8-4E72-B18A-770D4A2DD1ED}.Release|Any CPU.Build.0 = Release|Any CPU
		{F4C39DCC-6F36-4D13-8936-1F1D2DA94B76}.Debug|Any CPU.ActiveCfg = Debug|Any CPU
		{F4C39DCC-6F36-4D13-8936-1F1D2DA94B76}.Debug|Any CPU.Build.0 = Debug|Any CPU
		{F4C39DCC-6F36-4D13-8936-1F1D2DA94B76}.Release|Any CPU.ActiveCfg = Release|Any CPU
		{F4C39DCC-6F36-4D13-8936-1F1D2DA94B76}.Release|Any CPU.Build.0 = Release|Any CPU
		{862D38DF-3412-4C14-B96F-D89485A768FA}.Debug|Any CPU.ActiveCfg = Debug|Any CPU
		{862D38DF-3412-4C14-B96F-D89485A768FA}.Debug|Any CPU.Build.0 = Debug|Any CPU
		{862D38DF-3412-4C14-B96F-D89485A768FA}.Release|Any CPU.ActiveCfg = Release|Any CPU
		{862D38DF-3412-4C14-B96F-D89485A768FA}.Release|Any CPU.Build.0 = Release|Any CPU
		{E50992B0-4349-4C7D-8969-A9095BC79391}.Debug|Any CPU.ActiveCfg = Debug|Any CPU
		{E50992B0-4349-4C7D-8969-A9095BC79391}.Debug|Any CPU.Build.0 = Debug|Any CPU
		{E50992B0-4349-4C7D-8969-A9095BC79391}.Release|Any CPU.ActiveCfg = Release|Any CPU
		{E50992B0-4349-4C7D-8969-A9095BC79391}.Release|Any CPU.Build.0 = Release|Any CPU
		{4FF51874-7403-4712-B710-A7828BA455B6}.Debug|Any CPU.ActiveCfg = Debug|Any CPU
		{4FF51874-7403-4712-B710-A7828BA455B6}.Debug|Any CPU.Build.0 = Debug|Any CPU
		{4FF51874-7403-4712-B710-A7828BA455B6}.Release|Any CPU.ActiveCfg = Release|Any CPU
		{4FF51874-7403-4712-B710-A7828BA455B6}.Release|Any CPU.Build.0 = Release|Any CPU
		{A05D4EAF-0114-4537-BB56-11B85D980BD3}.Debug|Any CPU.ActiveCfg = Debug|Any CPU
		{A05D4EAF-0114-4537-BB56-11B85D980BD3}.Debug|Any CPU.Build.0 = Debug|Any CPU
		{A05D4EAF-0114-4537-BB56-11B85D980BD3}.Release|Any CPU.ActiveCfg = Release|Any CPU
		{A05D4EAF-0114-4537-BB56-11B85D980BD3}.Release|Any CPU.Build.0 = Release|Any CPU
		{74BB0614-3BEC-4051-AC82-CA540EFD860C}.Debug|Any CPU.ActiveCfg = Debug|Any CPU
		{74BB0614-3BEC-4051-AC82-CA540EFD860C}.Debug|Any CPU.Build.0 = Debug|Any CPU
		{74BB0614-3BEC-4051-AC82-CA540EFD860C}.Release|Any CPU.ActiveCfg = Release|Any CPU
		{74BB0614-3BEC-4051-AC82-CA540EFD860C}.Release|Any CPU.Build.0 = Release|Any CPU
		{B2F203ED-4D7F-44A7-A6E2-5F0DFCD93DC4}.Debug|Any CPU.ActiveCfg = Debug|Any CPU
		{B2F203ED-4D7F-44A7-A6E2-5F0DFCD93DC4}.Debug|Any CPU.Build.0 = Debug|Any CPU
		{B2F203ED-4D7F-44A7-A6E2-5F0DFCD93DC4}.Release|Any CPU.ActiveCfg = Release|Any CPU
		{B2F203ED-4D7F-44A7-A6E2-5F0DFCD93DC4}.Release|Any CPU.Build.0 = Release|Any CPU
		{5CE4007B-27D8-4867-AC75-4B9E44B05C45}.Debug|Any CPU.ActiveCfg = Debug|Any CPU
		{5CE4007B-27D8-4867-AC75-4B9E44B05C45}.Debug|Any CPU.Build.0 = Debug|Any CPU
		{5CE4007B-27D8-4867-AC75-4B9E44B05C45}.Release|Any CPU.ActiveCfg = Release|Any CPU
		{5CE4007B-27D8-4867-AC75-4B9E44B05C45}.Release|Any CPU.Build.0 = Release|Any CPU
		{C4476D64-7EF5-4241-9862-5F602BD7CE85}.Debug|Any CPU.ActiveCfg = Debug|Any CPU
		{C4476D64-7EF5-4241-9862-5F602BD7CE85}.Debug|Any CPU.Build.0 = Debug|Any CPU
		{C4476D64-7EF5-4241-9862-5F602BD7CE85}.Release|Any CPU.ActiveCfg = Release|Any CPU
		{C4476D64-7EF5-4241-9862-5F602BD7CE85}.Release|Any CPU.Build.0 = Release|Any CPU
		{6F696AB0-391A-4D8B-B102-7417E8965666}.Debug|Any CPU.ActiveCfg = Debug|Any CPU
		{6F696AB0-391A-4D8B-B102-7417E8965666}.Debug|Any CPU.Build.0 = Debug|Any CPU
		{6F696AB0-391A-4D8B-B102-7417E8965666}.Release|Any CPU.ActiveCfg = Release|Any CPU
		{6F696AB0-391A-4D8B-B102-7417E8965666}.Release|Any CPU.Build.0 = Release|Any CPU
		{7AED6E24-7965-4D3A-AE0E-46946FC8996D}.Debug|Any CPU.ActiveCfg = Debug|Any CPU
		{7AED6E24-7965-4D3A-AE0E-46946FC8996D}.Debug|Any CPU.Build.0 = Debug|Any CPU
		{7AED6E24-7965-4D3A-AE0E-46946FC8996D}.Release|Any CPU.ActiveCfg = Release|Any CPU
		{7AED6E24-7965-4D3A-AE0E-46946FC8996D}.Release|Any CPU.Build.0 = Release|Any CPU
		{9F26BF67-2D61-4838-AB82-E6D0D86AFD36}.Debug|Any CPU.ActiveCfg = Debug|Any CPU
		{9F26BF67-2D61-4838-AB82-E6D0D86AFD36}.Debug|Any CPU.Build.0 = Debug|Any CPU
		{9F26BF67-2D61-4838-AB82-E6D0D86AFD36}.Release|Any CPU.ActiveCfg = Release|Any CPU
		{9F26BF67-2D61-4838-AB82-E6D0D86AFD36}.Release|Any CPU.Build.0 = Release|Any CPU
		{81AC344B-F8AC-461C-A2C4-6C3105A36ABD}.Debug|Any CPU.ActiveCfg = Debug|Any CPU
		{81AC344B-F8AC-461C-A2C4-6C3105A36ABD}.Debug|Any CPU.Build.0 = Debug|Any CPU
		{81AC344B-F8AC-461C-A2C4-6C3105A36ABD}.Release|Any CPU.ActiveCfg = Release|Any CPU
		{81AC344B-F8AC-461C-A2C4-6C3105A36ABD}.Release|Any CPU.Build.0 = Release|Any CPU
	EndGlobalSection
	GlobalSection(NestedProjects) = preSolution
		{D291C8AB-507B-42B6-BACF-710AC33F359A} = {1BD553E6-381F-4B0F-907E-B72630F75A57}
		{DB6CA5AB-2C8A-4F87-A6A8-5BC11720EFEC} = {D291C8AB-507B-42B6-BACF-710AC33F359A}
		{80275B6B-5063-4897-A2ED-A696FDD9A406} = {D291C8AB-507B-42B6-BACF-710AC33F359A}
		{1F48CBAD-BC76-4F96-8641-431961723F3C} = {1BD553E6-381F-4B0F-907E-B72630F75A57}
		{A2C3C7F1-626A-4736-9FE7-C61846795108} = {1F48CBAD-BC76-4F96-8641-431961723F3C}
		{4D647319-11DD-4BB1-966B-BCEDCC155140} = {1F48CBAD-BC76-4F96-8641-431961723F3C}
		{7F3D23F3-E612-4B14-A447-9E085FF202CD} = {1BD553E6-381F-4B0F-907E-B72630F75A57}
		{F04DC8EB-265F-4A68-B34A-2142A532C1E1} = {7F3D23F3-E612-4B14-A447-9E085FF202CD}
		{0E7ABB88-36E0-4A04-AF5F-979492988C5E} = {7F3D23F3-E612-4B14-A447-9E085FF202CD}
		{568712EF-3762-4CA4-96A0-42FBA34A8182} = {1BD553E6-381F-4B0F-907E-B72630F75A57}
		{42720ECB-551C-44AE-A931-2178CD5B0DCA} = {568712EF-3762-4CA4-96A0-42FBA34A8182}
		{CA4F9241-F25B-4290-A87E-D36069521509} = {568712EF-3762-4CA4-96A0-42FBA34A8182}
		{E8750761-CC40-42CB-9AF3-2A8B6E518F8E} = {1BD553E6-381F-4B0F-907E-B72630F75A57}
		{994F0CEB-7166-48D3-8B34-0D2AC2B48582} = {E8750761-CC40-42CB-9AF3-2A8B6E518F8E}
		{D915957F-D634-4CA7-A958-75C3F6F14C09} = {E8750761-CC40-42CB-9AF3-2A8B6E518F8E}
		{B6C951AD-09C1-4CB3-913C-1919A25528DD} = {1BD553E6-381F-4B0F-907E-B72630F75A57}
		{8BFB8DB3-3651-42ED-AA75-356CDC33D691} = {B6C951AD-09C1-4CB3-913C-1919A25528DD}
		{558E58E2-2AB6-4160-BB67-22B06F3FDD70} = {B6C951AD-09C1-4CB3-913C-1919A25528DD}
		{7AE47AB8-1A1D-4DB7-881D-BCB0427FD0D7} = {1BD553E6-381F-4B0F-907E-B72630F75A57}
		{73E468B6-FCC8-4E72-B18A-770D4A2DD1ED} = {7AE47AB8-1A1D-4DB7-881D-BCB0427FD0D7}
		{F4C39DCC-6F36-4D13-8936-1F1D2DA94B76} = {7AE47AB8-1A1D-4DB7-881D-BCB0427FD0D7}
		{309E6B63-8C12-4878-A754-6BC854248806} = {1BD553E6-381F-4B0F-907E-B72630F75A57}
		{862D38DF-3412-4C14-B96F-D89485A768FA} = {309E6B63-8C12-4878-A754-6BC854248806}
		{E50992B0-4349-4C7D-8969-A9095BC79391} = {309E6B63-8C12-4878-A754-6BC854248806}
		{15876DD8-F8B0-4677-A198-EECD09ADD9D9} = {1BD553E6-381F-4B0F-907E-B72630F75A57}
		{4FF51874-7403-4712-B710-A7828BA455B6} = {15876DD8-F8B0-4677-A198-EECD09ADD9D9}
		{A05D4EAF-0114-4537-BB56-11B85D980BD3} = {15876DD8-F8B0-4677-A198-EECD09ADD9D9}
		{F730E4EE-16AA-423E-8B01-425DAB9B9910} = {1BD553E6-381F-4B0F-907E-B72630F75A57}
		{74BB0614-3BEC-4051-AC82-CA540EFD860C} = {F730E4EE-16AA-423E-8B01-425DAB9B9910}
		{B2F203ED-4D7F-44A7-A6E2-5F0DFCD93DC4} = {F730E4EE-16AA-423E-8B01-425DAB9B9910}
		{FE57D62D-9FE8-46AA-A084-18569A1251E9} = {1BD553E6-381F-4B0F-907E-B72630F75A57}
		{5CE4007B-27D8-4867-AC75-4B9E44B05C45} = {FE57D62D-9FE8-46AA-A084-18569A1251E9}
		{C4476D64-7EF5-4241-9862-5F602BD7CE85} = {FE57D62D-9FE8-46AA-A084-18569A1251E9}
		{204FA5AC-56DB-4207-A1DB-A72F42E1CE1F} = {1BD553E6-381F-4B0F-907E-B72630F75A57}
		{6F696AB0-391A-4D8B-B102-7417E8965666} = {204FA5AC-56DB-4207-A1DB-A72F42E1CE1F}
		{7AED6E24-7965-4D3A-AE0E-46946FC8996D} = {204FA5AC-56DB-4207-A1DB-A72F42E1CE1F}
		{913D50CF-B1CF-4869-B6B1-1CC470D1938D} = {1BD553E6-381F-4B0F-907E-B72630F75A57}
		{9F26BF67-2D61-4838-AB82-E6D0D86AFD36} = {913D50CF-B1CF-4869-B6B1-1CC470D1938D}
		{81AC344B-F8AC-461C-A2C4-6C3105A36ABD} = {913D50CF-B1CF-4869-B6B1-1CC470D1938D}
	EndGlobalSection
EndGlobal
