
Microsoft Visual Studio Solution File, Format Version 12.00
# Visual Studio Version 17
VisualStudioVersion = 17.0.31903.59
MinimumVisualStudioVersion = 10.0.40219.1
Project("{FAE04EC0-301F-11D3-BF4B-00C04F79EFBC}") = "Gnome.Extensions.AppEnv", "src\Gnome.Extensions.AppEnv.csproj", "{112733C3-3999-49A9-AA95-2B2001B0C925}"
EndProject
Project("{FAE04EC0-301F-11D3-BF4B-00C04F79EFBC}") = "Gnome.Extensions.AppEnv.Tests", "test\Gnome.Extensions.AppEnv.Tests.csproj", "{66587369-09EC-49DB-8BAF-7519A8FB07F5}"
EndProject
Project("{FAE04EC0-301F-11D3-BF4B-00C04F79EFBC}") = "Gnome.Extensions.AppEnv.Abstractions", "..\Extensions.AppEnv.Abstractions\src\Gnome.Extensions.AppEnv.Abstractions.csproj", "{6FAE7150-1743-4E99-AEB7-A3ED263A560D}"
EndProject
Global
	GlobalSection(SolutionConfigurationPlatforms) = preSolution
		Debug|Any CPU = Debug|Any CPU
		Release|Any CPU = Release|Any CPU
	EndGlobalSection
	GlobalSection(SolutionProperties) = preSolution
		HideSolutionNode = FALSE
	EndGlobalSection
	GlobalSection(ProjectConfigurationPlatforms) = postSolution
		{112733C3-3999-49A9-AA95-2B2001B0C925}.Debug|Any CPU.ActiveCfg = Debug|Any CPU
		{112733C3-3999-49A9-AA95-2B2001B0C925}.Debug|Any CPU.Build.0 = Debug|Any CPU
		{112733C3-3999-49A9-AA95-2B2001B0C925}.Release|Any CPU.ActiveCfg = Release|Any CPU
		{112733C3-3999-49A9-AA95-2B2001B0C925}.Release|Any CPU.Build.0 = Release|Any CPU
		{66587369-09EC-49DB-8BAF-7519A8FB07F5}.Debug|Any CPU.ActiveCfg = Debug|Any CPU
		{66587369-09EC-49DB-8BAF-7519A8FB07F5}.Debug|Any CPU.Build.0 = Debug|Any CPU
		{66587369-09EC-49DB-8BAF-7519A8FB07F5}.Release|Any CPU.ActiveCfg = Release|Any CPU
		{66587369-09EC-49DB-8BAF-7519A8FB07F5}.Release|Any CPU.Build.0 = Release|Any CPU
		{6FAE7150-1743-4E99-AEB7-A3ED263A560D}.Debug|Any CPU.ActiveCfg = Debug|Any CPU
		{6FAE7150-1743-4E99-AEB7-A3ED263A560D}.Debug|Any CPU.Build.0 = Debug|Any CPU
		{6FAE7150-1743-4E99-AEB7-A3ED263A560D}.Release|Any CPU.ActiveCfg = Release|Any CPU
		{6FAE7150-1743-4E99-AEB7-A3ED263A560D}.Release|Any CPU.Build.0 = Release|Any CPU
	EndGlobalSection
EndGlobal
