
Microsoft Visual Studio Solution File, Format Version 12.00
# Visual Studio Version 17
VisualStudioVersion = 17.0.31903.59
MinimumVisualStudioVersion = 10.0.40219.1
Project("{FAE04EC0-301F-11D3-BF4B-00C04F79EFBC}") = "Gnome.Platforms.OsReleaseInfo", "src\Gnome.Platforms.OsReleaseInfo.csproj", "{D68A7F7E-AEBF-4623-9816-5D70F3230309}"
EndProject
Project("{FAE04EC0-301F-11D3-BF4B-00C04F79EFBC}") = "Gnome.Platforms.OsReleaseInfo.Tests", "test\Gnome.Platforms.OsReleaseInfo.Tests.csproj", "{29D67BC5-821A-4E9A-A752-64330EF2EDC9}"
EndProject
Global
	GlobalSection(SolutionConfigurationPlatforms) = preSolution
		Debug|Any CPU = Debug|Any CPU
		Release|Any CPU = Release|Any CPU
	EndGlobalSection
	GlobalSection(SolutionProperties) = preSolution
		HideSolutionNode = FALSE
	EndGlobalSection
	GlobalSection(ProjectConfigurationPlatforms) = postSolution
		{D68A7F7E-AEBF-4623-9816-5D70F3230309}.Debug|Any CPU.ActiveCfg = Debug|Any CPU
		{D68A7F7E-AEBF-4623-9816-5D70F3230309}.Debug|Any CPU.Build.0 = Debug|Any CPU
		{D68A7F7E-AEBF-4623-9816-5D70F3230309}.Release|Any CPU.ActiveCfg = Release|Any CPU
		{D68A7F7E-AEBF-4623-9816-5D70F3230309}.Release|Any CPU.Build.0 = Release|Any CPU
		{29D67BC5-821A-4E9A-A752-64330EF2EDC9}.Debug|Any CPU.ActiveCfg = Debug|Any CPU
		{29D67BC5-821A-4E9A-A752-64330EF2EDC9}.Debug|Any CPU.Build.0 = Debug|Any CPU
		{29D67BC5-821A-4E9A-A752-64330EF2EDC9}.Release|Any CPU.ActiveCfg = Release|Any CPU
		{29D67BC5-821A-4E9A-A752-64330EF2EDC9}.Release|Any CPU.Build.0 = Release|Any CPU
	EndGlobalSection
EndGlobal
